{
  "name": "wiki-adventure-back",
  "version": "0.0.0",
  "lockfileVersion": 2,
  "requires": true,
  "packages": {
    "": {
      "name": "wiki-adventure-back",
      "version": "0.0.0",
      "hasInstallScript": true,
      "dependencies": {
        "lix": "=15.8.15"
      }
    },
    "node_modules/lix": {
      "version": "15.8.15",
      "resolved": "https://registry.npmjs.org/lix/-/lix-15.8.15.tgz",
      "integrity": "sha512-+CQTTGm3TqPX1YlY3GoWYKicEIsWykeJTMUAPKFSRM1DrtfGjqp0E/JS1IUUdGunkOZzqKdl/MhoSYjxGW9dSg==",
      "hasInstallScript": true,
      "bin": {
        "haxe": "bin/haxeshim.js",
        "haxelib": "bin/haxelibshim.js",
        "lix": "bin/lix.js",
        "neko": "bin/nekoshim.js"
      }
    }
  },
  "dependencies": {
    "lix": {
      "version": "15.8.15",
      "resolved": "https://registry.npmjs.org/lix/-/lix-15.8.15.tgz",
      "integrity": "sha512-+CQTTGm3TqPX1YlY3GoWYKicEIsWykeJTMUAPKFSRM1DrtfGjqp0E/JS1IUUdGunkOZzqKdl/MhoSYjxGW9dSg=="
    }
  }
}
